
Microsoft Visual Studio Solution File, Format Version 12.00
# Visual Studio Version 17
VisualStudioVersion = 17.0.32112.339
MinimumVisualStudioVersion = 10.0.40219.1
Project("{9A19103F-16F7-4668-BE54-9A1E7A4F7556}") = "MusicApi", "MusicApi\MusicApi.csproj", "{61677543-3353-4279-B231-0A1EE87F487C}"
EndProject
Project("{9A19103F-16F7-4668-BE54-9A1E7A4F7556}") = "MusicApiSqlServer", "MusicApiSqlServer\MusicApiSqlServer.csproj", "{DBACFB47-A689-4EAB-B116-78349B5C5A7C}"
EndProject
Project("{9A19103F-16F7-4668-BE54-9A1E7A4F7556}") = "MusiqApiSqlServer2", "MusiqApiSqlServer2\MusiqApiSqlServer2.csproj", "{CB0287D9-A868-4182-A528-43DBB9C76DBC}"
EndProject
Project("{FAE04EC0-301F-11D3-BF4B-00C04F79EFBC}") = "MusiqApiSqlServer3", "MusiqApiSqlServer3\MusiqApiSqlServer3.csproj", "{EB5FFFBE-32BD-41A2-9CB4-AF037F6A2F11}"
EndProject
Project("{FAE04EC0-301F-11D3-BF4B-00C04F79EFBC}") = "MusicApiDotNetCore6", "MusicApiDotNetCore6\MusicApiDotNetCore6.csproj", "{10564A30-132B-44EA-B27D-530288D1EC87}"
EndProject
Global
	GlobalSection(SolutionConfigurationPlatforms) = preSolution
		Debug|Any CPU = Debug|Any CPU
		Release|Any CPU = Release|Any CPU
	EndGlobalSection
	GlobalSection(ProjectConfigurationPlatforms) = postSolution
		{61677543-3353-4279-B231-0A1EE87F487C}.Debug|Any CPU.ActiveCfg = Debug|Any CPU
		{61677543-3353-4279-B231-0A1EE87F487C}.Debug|Any CPU.Build.0 = Debug|Any CPU
		{61677543-3353-4279-B231-0A1EE87F487C}.Release|Any CPU.ActiveCfg = Release|Any CPU
		{61677543-3353-4279-B231-0A1EE87F487C}.Release|Any CPU.Build.0 = Release|Any CPU
		{DBACFB47-A689-4EAB-B116-78349B5C5A7C}.Debug|Any CPU.ActiveCfg = Debug|Any CPU
		{DBACFB47-A689-4EAB-B116-78349B5C5A7C}.Debug|Any CPU.Build.0 = Debug|Any CPU
		{DBACFB47-A689-4EAB-B116-78349B5C5A7C}.Release|Any CPU.ActiveCfg = Release|Any CPU
		{DBACFB47-A689-4EAB-B116-78349B5C5A7C}.Release|Any CPU.Build.0 = Release|Any CPU
		{CB0287D9-A868-4182-A528-43DBB9C76DBC}.Debug|Any CPU.ActiveCfg = Debug|Any CPU
		{CB0287D9-A868-4182-A528-43DBB9C76DBC}.Debug|Any CPU.Build.0 = Debug|Any CPU
		{CB0287D9-A868-4182-A528-43DBB9C76DBC}.Release|Any CPU.ActiveCfg = Release|Any CPU
		{CB0287D9-A868-4182-A528-43DBB9C76DBC}.Release|Any CPU.Build.0 = Release|Any CPU
		{EB5FFFBE-32BD-41A2-9CB4-AF037F6A2F11}.Debug|Any CPU.ActiveCfg = Debug|Any CPU
		{EB5FFFBE-32BD-41A2-9CB4-AF037F6A2F11}.Debug|Any CPU.Build.0 = Debug|Any CPU
		{EB5FFFBE-32BD-41A2-9CB4-AF037F6A2F11}.Release|Any CPU.ActiveCfg = Release|Any CPU
		{EB5FFFBE-32BD-41A2-9CB4-AF037F6A2F11}.Release|Any CPU.Build.0 = Release|Any CPU
		{10564A30-132B-44EA-B27D-530288D1EC87}.Debug|Any CPU.ActiveCfg = Debug|Any CPU
		{10564A30-132B-44EA-B27D-530288D1EC87}.Debug|Any CPU.Build.0 = Debug|Any CPU
		{10564A30-132B-44EA-B27D-530288D1EC87}.Release|Any CPU.ActiveCfg = Release|Any CPU
		{10564A30-132B-44EA-B27D-530288D1EC87}.Release|Any CPU.Build.0 = Release|Any CPU
	EndGlobalSection
	GlobalSection(SolutionProperties) = preSolution
		HideSolutionNode = FALSE
	EndGlobalSection
	GlobalSection(ExtensibilityGlobals) = postSolution
		SolutionGuid = {8A8D05B2-48FB-4510-AD17-1794577956BF}
	EndGlobalSection
EndGlobal
