
Microsoft Visual Studio Solution File, Format Version 12.00
# Visual Studio 15
VisualStudioVersion = 15.0.28307.1321
MinimumVisualStudioVersion = 10.0.40219.1
Project("{FAE04EC0-301F-11D3-BF4B-00C04F79EFBC}") = "SimpleShoppingList", "SimpleShoppingList\SimpleShoppingList.csproj", "{98C4E5F1-74F7-4565-B909-A3AAB3277142}"
EndProject
Global
	GlobalSection(SolutionConfigurationPlatforms) = preSolution
		Debug|Any CPU = Debug|Any CPU
		Release|Any CPU = Release|Any CPU
	EndGlobalSection
	GlobalSection(ProjectConfigurationPlatforms) = postSolution
		{98C4E5F1-74F7-4565-B909-A3AAB3277142}.Debug|Any CPU.ActiveCfg = Debug|Any CPU
		{98C4E5F1-74F7-4565-B909-A3AAB3277142}.Debug|Any CPU.Build.0 = Debug|Any CPU
		{98C4E5F1-74F7-4565-B909-A3AAB3277142}.Release|Any CPU.ActiveCfg = Release|Any CPU
		{98C4E5F1-74F7-4565-B909-A3AAB3277142}.Release|Any CPU.Build.0 = Release|Any CPU
	EndGlobalSection
	GlobalSection(SolutionProperties) = preSolution
		HideSolutionNode = FALSE
	EndGlobalSection
	GlobalSection(ExtensibilityGlobals) = postSolution
		SolutionGuid = {FF2B58E1-125D-46BA-B9A8-F85A381BFC0D}
	EndGlobalSection
EndGlobal
